
Microsoft Visual Studio Solution File, Format Version 12.00
# Visual Studio Version 17
VisualStudioVersion = 17.5.33516.290
MinimumVisualStudioVersion = 10.0.40219.1
Project("{FAE04EC0-301F-11D3-BF4B-00C04F79EFBC}") = "ExaminationSystem", "ExaminationSystem\ExaminationSystem.csproj", "{0A67B0C3-D304-4578-ADD8-9584930CFB91}"
EndProject
Project("{FAE04EC0-301F-11D3-BF4B-00C04F79EFBC}") = "ES.Domain", "ES.Domain\ES.Domain.csproj", "{714A89C4-DCF7-4777-A564-25125A99BC89}"
EndProject
Project("{FAE04EC0-301F-11D3-BF4B-00C04F79EFBC}") = "ES.Repository", "ES.Repository\ES.Repository.csproj", "{F32E0A30-5DBA-4F80-94BA-66990F9790A0}"
EndProject
Global
	GlobalSection(SolutionConfigurationPlatforms) = preSolution
		Debug|Any CPU = Debug|Any CPU
		Release|Any CPU = Release|Any CPU
	EndGlobalSection
	GlobalSection(ProjectConfigurationPlatforms) = postSolution
		{0A67B0C3-D304-4578-ADD8-9584930CFB91}.Debug|Any CPU.ActiveCfg = Debug|Any CPU
		{0A67B0C3-D304-4578-ADD8-9584930CFB91}.Debug|Any CPU.Build.0 = Debug|Any CPU
		{0A67B0C3-D304-4578-ADD8-9584930CFB91}.Release|Any CPU.ActiveCfg = Release|Any CPU
		{0A67B0C3-D304-4578-ADD8-9584930CFB91}.Release|Any CPU.Build.0 = Release|Any CPU
		{714A89C4-DCF7-4777-A564-25125A99BC89}.Debug|Any CPU.ActiveCfg = Debug|Any CPU
		{714A89C4-DCF7-4777-A564-25125A99BC89}.Debug|Any CPU.Build.0 = Debug|Any CPU
		{714A89C4-DCF7-4777-A564-25125A99BC89}.Release|Any CPU.ActiveCfg = Release|Any CPU
		{714A89C4-DCF7-4777-A564-25125A99BC89}.Release|Any CPU.Build.0 = Release|Any CPU
		{F32E0A30-5DBA-4F80-94BA-66990F9790A0}.Debug|Any CPU.ActiveCfg = Debug|Any CPU
		{F32E0A30-5DBA-4F80-94BA-66990F9790A0}.Debug|Any CPU.Build.0 = Debug|Any CPU
		{F32E0A30-5DBA-4F80-94BA-66990F9790A0}.Release|Any CPU.ActiveCfg = Release|Any CPU
		{F32E0A30-5DBA-4F80-94BA-66990F9790A0}.Release|Any CPU.Build.0 = Release|Any CPU
	EndGlobalSection
	GlobalSection(SolutionProperties) = preSolution
		HideSolutionNode = FALSE
	EndGlobalSection
	GlobalSection(ExtensibilityGlobals) = postSolution
		SolutionGuid = {CF55A9F8-3AA9-407F-B7F8-BEF882FB20D0}
	EndGlobalSection
EndGlobal
